// !$*UTF8*$!
{
	archiveVersion = 1;
	classes = {
	};
	objectVersion = 50;
	objects = {

/* Begin PBXBuildFile section */
		55B86FEF2287C6AA00D2F1F3 /* AppDelegate.swift in Sources */ = {isa = PBXBuildFile; fileRef = 55B86FEE2287C6AA00D2F1F3 /* AppDelegate.swift */; };
		55B86FF12287C6AA00D2F1F3 /* ViewController.swift in Sources */ = {isa = PBXBuildFile; fileRef = 55B86FF02287C6AA00D2F1F3 /* ViewController.swift */; };
		55B86FF42287C6AA00D2F1F3 /* Main.storyboard in Resources */ = {isa = PBXBuildFile; fileRef = 55B86FF22287C6AA00D2F1F3 /* Main.storyboard */; };
		55B86FF62287C6AC00D2F1F3 /* Assets.xcassets in Resources */ = {isa = PBXBuildFile; fileRef = 55B86FF52287C6AC00D2F1F3 /* Assets.xcassets */; };
		55B86FF92287C6AC00D2F1F3 /* LaunchScreen.storyboard in Resources */ = {isa = PBXBuildFile; fileRef = 55B86FF72287C6AC00D2F1F3 /* LaunchScreen.storyboard */; };
		55B870022287CD7100D2F1F3 /* MapKit.framework in Frameworks */ = {isa = PBXBuildFile; fileRef = 55B870012287CD7100D2F1F3 /* MapKit.framework */; };
		55B870042287E1D800D2F1F3 /* CoreLocation.framework in Frameworks */ = {isa = PBXBuildFile; fileRef = 55B870032287E1D800D2F1F3 /* CoreLocation.framework */; };
/* End PBXBuildFile section */

/* Begin PBXFileReference section */
		55B86FEB2287C6AA00D2F1F3 /* MapNavigator.app */ = {isa = PBXFileReference; explicitFileType = wrapper.application; includeInIndex = 0; path = MapNavigator.app; sourceTree = BUILT_PRODUCTS_DIR; };
		55B86FEE2287C6AA00D2F1F3 /* AppDelegate.swift */ = {isa = PBXFileReference; lastKnownFileType = sourcecode.swift; path = AppDelegate.swift; sourceTree = "<group>"; };
		55B86FF02287C6AA00D2F1F3 /* ViewController.swift */ = {isa = PBXFileReference; lastKnownFileType = sourcecode.swift; path = ViewController.swift; sourceTree = "<group>"; };
		55B86FF32287C6AA00D2F1F3 /* Base */ = {isa = PBXFileReference; lastKnownFileType = file.storyboard; name = Base; path = Base.lproj/Main.storyboard; sourceTree = "<group>"; };
		55B86FF52287C6AC00D2F1F3 /* Assets.xcassets */ = {isa = PBXFileReference; lastKnownFileType = folder.assetcatalog; path = Assets.xcassets; sourceTree = "<group>"; };
		55B86FF82287C6AC00D2F1F3 /* Base */ = {isa = PBXFileReference; lastKnownFileType = file.storyboard; name = Base; path = Base.lproj/LaunchScreen.storyboard; sourceTree = "<group>"; };
		55B86FFA2287C6AC00D2F1F3 /* Info.plist */ = {isa = PBXFileReference; lastKnownFileType = text.plist.xml; path = Info.plist; sourceTree = "<group>"; };
		55B870012287CD7100D2F1F3 /* MapKit.framework */ = {isa = PBXFileReference; lastKnownFileType = wrapper.framework; name = MapKit.framework; path = System/Library/Frameworks/MapKit.framework; sourceTree = SDKROOT; };
		55B870032287E1D800D2F1F3 /* CoreLocation.framework */ = {isa = PBXFileReference; lastKnownFileType = wrapper.framework; name = CoreLocation.framework; path = System/Library/Frameworks/CoreLocation.framework; sourceTree = SDKROOT; };
/* End PBXFileReference section */

/* Begin PBXFrameworksBuildPhase section */
		55B86FE82287C6AA00D2F1F3 /* Frameworks */ = {
			isa = PBXFrameworksBuildPhase;
			buildActionMask = 2147483647;
			files = (
				55B870042287E1D800D2F1F3 /* CoreLocation.framework in Frameworks */,
				55B870022287CD7100D2F1F3 /* MapKit.framework in Frameworks */,
			);
			runOnlyForDeploymentPostprocessing = 0;
		};
/* End PBXFrameworksBuildPhase section */

/* Begin PBXGroup section */
		55B86FE22287C6AA00D2F1F3 = {
			isa = PBXGroup;
			children = (
				55B86FED2287C6AA00D2F1F3 /* MapNavigator */,
				55B86FEC2287C6AA00D2F1F3 /* Products */,
				55B870002287CD7100D2F1F3 /* Frameworks */,
			);
			sourceTree = "<group>";
		};
		55B86FEC2287C6AA00D2F1F3 /* Products */ = {
			isa = PBXGroup;
			children = (
				55B86FEB2287C6AA00D2F1F3 /* MapNavigator.app */,
			);
			name = Products;
			sourceTree = "<group>";
		};
		55B86FED2287C6AA00D2F1F3 /* MapNavigator */ = {
			isa = PBXGroup;
			children = (
				55B86FEE2287C6AA00D2F1F3 /* AppDelegate.swift */,
				55B86FF02287C6AA00D2F1F3 /* ViewController.swift */,
				55B86FF22287C6AA00D2F1F3 /* Main.storyboard */,
				55B86FF52287C6AC00D2F1F3 /* Assets.xcassets */,
				55B86FF72287C6AC00D2F1F3 /* LaunchScreen.storyboard */,
				55B86FFA2287C6AC00D2F1F3 /* Info.plist */,
			);
			path = MapNavigator;
			sourceTree = "<group>";
		};
		55B870002287CD7100D2F1F3 /* Frameworks */ = {
			isa = PBXGroup;
			children = (
				55B870032287E1D800D2F1F3 /* CoreLocation.framework */,
				55B870012287CD7100D2F1F3 /* MapKit.framework */,
			);
			name = Frameworks;
			sourceTree = "<group>";
		};
/* End PBXGroup section */

/* Begin PBXNativeTarget section */
		55B86FEA2287C6AA00D2F1F3 /* MapNavigator */ = {
			isa = PBXNativeTarget;
			buildConfigurationList = 55B86FFD2287C6AC00D2F1F3 /* Build configuration list for PBXNativeTarget "MapNavigator" */;
			buildPhases = (
				55B86FE72287C6AA00D2F1F3 /* Sources */,
				55B86FE82287C6AA00D2F1F3 /* Frameworks */,
				55B86FE92287C6AA00D2F1F3 /* Resources */,
			);
			buildRules = (
			);
			dependencies = (
			);
			name = MapNavigator;
			productName = MapNavigator;
			productReference = 55B86FEB2287C6AA00D2F1F3 /* MapNavigator.app */;
			productType = "com.apple.product-type.application";
		};
/* End PBXNativeTarget section */

/* Begin PBXProject section */
		55B86FE32287C6AA00D2F1F3 /* Project object */ = {
			isa = PBXProject;
			attributes = {
				LastSwiftUpdateCheck = 1010;
				LastUpgradeCheck = 1010;
				ORGANIZATIONNAME = "SCP Foundation";
				TargetAttributes = {
					55B86FEA2287C6AA00D2F1F3 = {
						CreatedOnToolsVersion = 10.1;
					};
				};
			};
			buildConfigurationList = 55B86FE62287C6AA00D2F1F3 /* Build configuration list for PBXProject "MapNavigator" */;
			compatibilityVersion = "Xcode 9.3";
			developmentRegion = en;
			hasScannedForEncodings = 0;
			knownRegions = (
				en,
				Base,
			);
			mainGroup = 55B86FE22287C6AA00D2F1F3;
			productRefGroup = 55B86FEC2287C6AA00D2F1F3 /* Products */;
			projectDirPath = "";
			projectRoot = "";
			targets = (
				55B86FEA2287C6AA00D2F1F3 /* MapNavigator */,
			);
		};
/* End PBXProject section */

/* Begin PBXResourcesBuildPhase section */
		55B86FE92287C6AA00D2F1F3 /* Resources */ = {
			isa = PBXResourcesBuildPhase;
			buildActionMask = 2147483647;
			files = (
				55B86FF92287C6AC00D2F1F3 /* LaunchScreen.storyboard in Resources */,
				55B86FF62287C6AC00D2F1F3 /* Assets.xcassets in Resources */,
				55B86FF42287C6AA00D2F1F3 /* Main.storyboard in Resources */,
			);
			runOnlyForDeploymentPostprocessing = 0;
		};
/* End PBXResourcesBuildPhase section */

/* Begin PBXSourcesBuildPhase section */
		55B86FE72287C6AA00D2F1F3 /* Sources */ = {
			isa = PBXSourcesBuildPhase;
			buildActionMask = 2147483647;
			files = (
				55B86FF12287C6AA00D2F1F3 /* ViewController.swift in Sources */,
				55B86FEF2287C6AA00D2F1F3 /* AppDelegate.swift in Sources */,
			);
			runOnlyForDeploymentPostprocessing = 0;
		};
/* End PBXSourcesBuildPhase section */

/* Begin PBXVariantGroup section */
		55B86FF22287C6AA00D2F1F3 /* Main.storyboard */ = {
			isa = PBXVariantGroup;
			children = (
				55B86FF32287C6AA00D2F1F3 /* Base */,
			);
			name = Main.storyboard;
			sourceTree = "<group>";
		};
		55B86FF72287C6AC00D2F1F3 /* LaunchScreen.storyboard */ = {
			isa = PBXVariantGroup;
			children = (
				55B86FF82287C6AC00D2F1F3 /* Base */,
			);
			name = LaunchScreen.storyboard;
			sourceTree = "<group>";
		};
/* End PBXVariantGroup section */

/* Begin XCBuildConfiguration section */
		55B86FFB2287C6AC00D2F1F3 /* Debug */ = {
			isa = XCBuildConfiguration;
			buildSettings = {
				ALWAYS_SEARCH_USER_PATHS = NO;
				CLANG_ANALYZER_NONNULL = YES;
				CLANG_ANALYZER_NUMBER_OBJECT_CONVERSION = YES_AGGRESSIVE;
				CLANG_CXX_LANGUAGE_STANDARD = "gnu++14";
				CLANG_CXX_LIBRARY = "libc++";
				CLANG_ENABLE_MODULES = YES;
				CLANG_ENABLE_OBJC_ARC = YES;
				CLANG_ENABLE_OBJC_WEAK = YES;
				CLANG_WARN_BLOCK_CAPTURE_AUTORELEASING = YES;
				CLANG_WARN_BOOL_CONVERSION = YES;
				CLANG_WARN_COMMA = YES;
				CLANG_WARN_CONSTANT_CONVERSION = YES;
				CLANG_WARN_DEPRECATED_OBJC_IMPLEMENTATIONS = YES;
				CLANG_WARN_DIRECT_OBJC_ISA_USAGE = YES_ERROR;
				CLANG_WARN_DOCUMENTATION_COMMENTS = YES;
				CLANG_WARN_EMPTY_BODY = YES;
				CLANG_WARN_ENUM_CONVERSION = YES;
				CLANG_WARN_INFINITE_RECURSION = YES;
				CLANG_WARN_INT_CONVERSION = YES;
				CLANG_WARN_NON_LITERAL_NULL_CONVERSION = YES;
				CLANG_WARN_OBJC_IMPLICIT_RETAIN_SELF = YES;
				CLANG_WARN_OBJC_LITERAL_CONVERSION = YES;
				CLANG_WARN_OBJC_ROOT_CLASS = YES_ERROR;
				CLANG_WARN_RANGE_LOOP_ANALYSIS = YES;
				CLANG_WARN_STRICT_PROTOTYPES = YES;
				CLANG_WARN_SUSPICIOUS_MOVE = YES;
				CLANG_WARN_UNGUARDED_AVAILABILITY = YES_AGGRESSIVE;
				CLANG_WARN_UNREACHABLE_CODE = YES;
				CLANG_WARN__DUPLICATE_METHOD_MATCH = YES;
				CODE_SIGN_IDENTITY = "iPhone Developer";
				COPY_PHASE_STRIP = NO;
				DEBUG_INFORMATION_FORMAT = dwarf;
				ENABLE_STRICT_OBJC_MSGSEND = YES;
				ENABLE_TESTABILITY = YES;
				GCC_C_LANGUAGE_STANDARD = gnu11;
				GCC_DYNAMIC_NO_PIC = NO;
				GCC_NO_COMMON_BLOCKS = YES;
				GCC_OPTIMIZATION_LEVEL = 0;
				GCC_PREPROCESSOR_DEFINITIONS = (
					"DEBUG=1",
					"$(inherited)",
				);
				GCC_WARN_64_TO_32_BIT_CONVERSION = YES;
				GCC_WARN_ABOUT_RETURN_TYPE = YES_ERROR;
				GCC_WARN_UNDECLARED_SELECTOR = YES;
				GCC_WARN_UNINITIALIZED_AUTOS = YES_AGGRESSIVE;
				GCC_WARN_UNUSED_FUNCTION = YES;
				GCC_WARN_UNUSED_VARIABLE = YES;
				IPHONEOS_DEPLOYMENT_TARGET = 12.1;
				MTL_ENABLE_DEBUG_INFO = INCLUDE_SOURCE;
				MTL_FAST_MATH = YES;
				ONLY_ACTIVE_ARCH = YES;
				SDKROOT = iphoneos;
				SWIFT_ACTIVE_COMPILATION_CONDITIONS = DEBUG;
				SWIFT_OPTIMIZATION_LEVEL = "-Onone";
			};
			name = Debug;
		};
		55B86FFC2287C6AC00D2F1F3 /* Release */ = {
			isa = XCBuildConfiguration;
			buildSettings = {
				ALWAYS_SEARCH_USER_PATHS = NO;
				CLANG_ANALYZER_NONNULL = YES;
				CLANG_ANALYZER_NUMBER_OBJECT_CONVERSION = YES_AGGRESSIVE;
				CLANG_CXX_LANGUAGE_STANDARD = "gnu++14";
				CLANG_CXX_LIBRARY = "libc++";
				CLANG_ENABLE_MODULES = YES;
				CLANG_ENABLE_OBJC_ARC = YES;
				CLANG_ENABLE_OBJC_WEAK = YES;
				CLANG_WARN_BLOCK_CAPTURE_AUTORELEASING = YES;
				CLANG_WARN_BOOL_CONVERSION = YES;
				CLANG_WARN_COMMA = YES;
				CLANG_WARN_CONSTANT_CONVERSION = YES;
				CLANG_WARN_DEPRECATED_OBJC_IMPLEMENTATIONS = YES;
				CLANG_WARN_DIRECT_OBJC_ISA_USAGE = YES_ERROR;
				CLANG_WARN_DOCUMENTATION_COMMENTS = YES;
				CLANG_WARN_EMPTY_BODY = YES;
				CLANG_WARN_ENUM_CONVERSION = YES;
				CLANG_WARN_INFINITE_RECURSION = YES;
				CLANG_WARN_INT_CONVERSION = YES;
				CLANG_WARN_NON_LITERAL_NULL_CONVERSION = YES;
				CLANG_WARN_OBJC_IMPLICIT_RETAIN_SELF = YES;
				CLANG_WARN_OBJC_LITERAL_CONVERSION = YES;
				CLANG_WARN_OBJC_ROOT_CLASS = YES_ERROR;
				CLANG_WARN_RANGE_LOOP_ANALYSIS = YES;
				CLANG_WARN_STRICT_PROTOTYPES = YES;
				CLANG_WARN_SUSPICIOUS_MOVE = YES;
				CLANG_WARN_UNGUARDED_AVAILABILITY = YES_AGGRESSIVE;
				CLANG_WARN_UNREACHABLE_CODE = YES;
				CLANG_WARN__DUPLICATE_METHOD_MATCH = YES;
				CODE_SIGN_IDENTITY = "iPhone Developer";
				COPY_PHASE_STRIP = NO;
				DEBUG_INFORMATION_FORMAT = "dwarf-with-dsym";
				ENABLE_NS_ASSERTIONS = NO;
				ENABLE_STRICT_OBJC_MSGSEND = YES;
				GCC_C_LANGUAGE_STANDARD = gnu11;
				GCC_NO_COMMON_BLOCKS = YES;
				GCC_WARN_64_TO_32_BIT_CONVERSION = YES;
				GCC_WARN_ABOUT_RETURN_TYPE = YES_ERROR;
				GCC_WARN_UNDECLARED_SELECTOR = YES;
				GCC_WARN_UNINITIALIZED_AUTOS = YES_AGGRESSIVE;
				GCC_WARN_UNUSED_FUNCTION = YES;
				GCC_WARN_UNUSED_VARIABLE = YES;
				IPHONEOS_DEPLOYMENT_TARGET = 12.1;
				MTL_ENABLE_DEBUG_INFO = NO;
				MTL_FAST_MATH = YES;
				SDKROOT = iphoneos;
				SWIFT_COMPILATION_MODE = wholemodule;
				SWIFT_OPTIMIZATION_LEVEL = "-O";
				VALIDATE_PRODUCT = YES;
			};
			name = Release;
		};
		55B86FFE2287C6AC00D2F1F3 /* Debug */ = {
			isa = XCBuildConfiguration;
			buildSettings = {
				ASSETCATALOG_COMPILER_APPICON_NAME = AppIcon;
				CODE_SIGN_STYLE = Automatic;
				DEVELOPMENT_TEAM = "";
				INFOPLIST_FILE = MapNavigator/Info.plist;
				IPHONEOS_DEPLOYMENT_TARGET = 10.3;
				LD_RUNPATH_SEARCH_PATHS = (
					"$(inherited)",
					"@executable_path/Frameworks",
				);
				PRODUCT_BUNDLE_IDENTIFIER = "com.wikidot.scp-wiki-cn.MapNavigator";
				PRODUCT_NAME = "$(TARGET_NAME)";
				SWIFT_VERSION = 4.2;
				TARGETED_DEVICE_FAMILY = "1,2";
			};
			name = Debug;
		};
		55B86FFF2287C6AC00D2F1F3 /* Release */ = {
			isa = XCBuildConfiguration;
			buildSettings = {
				ASSETCATALOG_COMPILER_APPICON_NAME = AppIcon;
				CODE_SIGN_STYLE = Automatic;
				DEVELOPMENT_TEAM = "";
				INFOPLIST_FILE = MapNavigator/Info.plist;
				IPHONEOS_DEPLOYMENT_TARGET = 10.3;
				LD_RUNPATH_SEARCH_PATHS = (
					"$(inherited)",
					"@executable_path/Frameworks",
				);
				PRODUCT_BUNDLE_IDENTIFIER = "com.wikidot.scp-wiki-cn.MapNavigator";
				PRODUCT_NAME = "$(TARGET_NAME)";
				SWIFT_VERSION = 4.2;
				TARGETED_DEVICE_FAMILY = "1,2";
			};
			name = Release;
		};
/* End XCBuildConfiguration section */

/* Begin XCConfigurationList section */
		55B86FE62287C6AA00D2F1F3 /* Build configuration list for PBXProject "MapNavigator" */ = {
			isa = XCConfigurationList;
			buildConfigurations = (
				55B86FFB2287C6AC00D2F1F3 /* Debug */,
				55B86FFC2287C6AC00D2F1F3 /* Release */,
			);
			defaultConfigurationIsVisible = 0;
			defaultConfigurationName = Release;
		};
		55B86FFD2287C6AC00D2F1F3 /* Build configuration list for PBXNativeTarget "MapNavigator" */ = {
			isa = XCConfigurationList;
			buildConfigurations = (
				55B86FFE2287C6AC00D2F1F3 /* Debug */,
				55B86FFF2287C6AC00D2F1F3 /* Release */,
			);
			defaultConfigurationIsVisible = 0;
			defaultConfigurationName = Release;
		};
/* End XCConfigurationList section */
	};
	rootObject = 55B86FE32287C6AA00D2F1F3 /* Project object */;
}
